
Microsoft Visual Studio Solution File, Format Version 12.00
# Visual Studio Version 16
VisualStudioVersion = 16.0.30204.135
MinimumVisualStudioVersion = 10.0.40219.1
Project("{FAE04EC0-301F-11D3-BF4B-00C04F79EFBC}") = "WebAdvert.API", "WebAdvert.API.csproj", "{849A7138-9DC0-48D2-BCFE-C3CEAEBFAC87}"
EndProject
Project("{FAE04EC0-301F-11D3-BF4B-00C04F79EFBC}") = "AdvertApi.Models", "..\AdvertApi.Models\AdvertApi.Models.csproj", "{97C105B4-68EB-4519-987A-D65B09C176EC}"
EndProject
Global
	GlobalSection(SolutionConfigurationPlatforms) = preSolution
		Debug|Any CPU = Debug|Any CPU
		Release|Any CPU = Release|Any CPU
	EndGlobalSection
	GlobalSection(ProjectConfigurationPlatforms) = postSolution
		{849A7138-9DC0-48D2-BCFE-C3CEAEBFAC87}.Debug|Any CPU.ActiveCfg = Debug|Any CPU
		{849A7138-9DC0-48D2-BCFE-C3CEAEBFAC87}.Debug|Any CPU.Build.0 = Debug|Any CPU
		{849A7138-9DC0-48D2-BCFE-C3CEAEBFAC87}.Release|Any CPU.ActiveCfg = Release|Any CPU
		{849A7138-9DC0-48D2-BCFE-C3CEAEBFAC87}.Release|Any CPU.Build.0 = Release|Any CPU
		{97C105B4-68EB-4519-987A-D65B09C176EC}.Debug|Any CPU.ActiveCfg = Debug|Any CPU
		{97C105B4-68EB-4519-987A-D65B09C176EC}.Debug|Any CPU.Build.0 = Debug|Any CPU
		{97C105B4-68EB-4519-987A-D65B09C176EC}.Release|Any CPU.ActiveCfg = Release|Any CPU
		{97C105B4-68EB-4519-987A-D65B09C176EC}.Release|Any CPU.Build.0 = Release|Any CPU
	EndGlobalSection
	GlobalSection(SolutionProperties) = preSolution
		HideSolutionNode = FALSE
	EndGlobalSection
	GlobalSection(ExtensibilityGlobals) = postSolution
		SolutionGuid = {8A0EFBF5-3434-484B-B544-12FF89A7DABF}
	EndGlobalSection
EndGlobal
